// !$*UTF8*$!
{
	archiveVersion = 1;
	classes = {
	};
	objectVersion = 46;
	objects = {

/* Begin PBXBuildFile section */
		C723F04E1E85D80200D7694A /* AppDelegate.swift in Sources */ = {isa = PBXBuildFile; fileRef = C723F04D1E85D80200D7694A /* AppDelegate.swift */; };
		C723F0501E85D80200D7694A /* ViewController.swift in Sources */ = {isa = PBXBuildFile; fileRef = C723F04F1E85D80200D7694A /* ViewController.swift */; };
		C723F0531E85D80200D7694A /* Main.storyboard in Resources */ = {isa = PBXBuildFile; fileRef = C723F0511E85D80200D7694A /* Main.storyboard */; };
		C723F0551E85D80200D7694A /* Assets.xcassets in Resources */ = {isa = PBXBuildFile; fileRef = C723F0541E85D80200D7694A /* Assets.xcassets */; };
		C723F0581E85D80200D7694A /* LaunchScreen.storyboard in Resources */ = {isa = PBXBuildFile; fileRef = C723F0561E85D80200D7694A /* LaunchScreen.storyboard */; };
		C723F0601E85DE5400D7694A /* Movie.swift in Sources */ = {isa = PBXBuildFile; fileRef = C723F05F1E85DE5400D7694A /* Movie.swift */; };
		C723F0621E85E74000D7694A /* MovieCell.swift in Sources */ = {isa = PBXBuildFile; fileRef = C723F0611E85E74000D7694A /* MovieCell.swift */; };
		C723F0641E85E76A00D7694A /* MoviesViewController.swift in Sources */ = {isa = PBXBuildFile; fileRef = C723F0631E85E76A00D7694A /* MoviesViewController.swift */; };
/* End PBXBuildFile section */

/* Begin PBXFileReference section */
		C723F04A1E85D80200D7694A /* AdvancedWorkshop.app */ = {isa = PBXFileReference; explicitFileType = wrapper.application; includeInIndex = 0; path = AdvancedWorkshop.app; sourceTree = BUILT_PRODUCTS_DIR; };
		C723F04D1E85D80200D7694A /* AppDelegate.swift */ = {isa = PBXFileReference; lastKnownFileType = sourcecode.swift; path = AppDelegate.swift; sourceTree = "<group>"; };
		C723F04F1E85D80200D7694A /* ViewController.swift */ = {isa = PBXFileReference; lastKnownFileType = sourcecode.swift; path = ViewController.swift; sourceTree = "<group>"; };
		C723F0521E85D80200D7694A /* Base */ = {isa = PBXFileReference; lastKnownFileType = file.storyboard; name = Base; path = Base.lproj/Main.storyboard; sourceTree = "<group>"; };
		C723F0541E85D80200D7694A /* Assets.xcassets */ = {isa = PBXFileReference; lastKnownFileType = folder.assetcatalog; path = Assets.xcassets; sourceTree = "<group>"; };
		C723F0571E85D80200D7694A /* Base */ = {isa = PBXFileReference; lastKnownFileType = file.storyboard; name = Base; path = Base.lproj/LaunchScreen.storyboard; sourceTree = "<group>"; };
		C723F0591E85D80200D7694A /* Info.plist */ = {isa = PBXFileReference; lastKnownFileType = text.plist.xml; path = Info.plist; sourceTree = "<group>"; };
		C723F05F1E85DE5400D7694A /* Movie.swift */ = {isa = PBXFileReference; fileEncoding = 4; lastKnownFileType = sourcecode.swift; path = Movie.swift; sourceTree = "<group>"; };
		C723F0611E85E74000D7694A /* MovieCell.swift */ = {isa = PBXFileReference; fileEncoding = 4; lastKnownFileType = sourcecode.swift; path = MovieCell.swift; sourceTree = "<group>"; };
		C723F0631E85E76A00D7694A /* MoviesViewController.swift */ = {isa = PBXFileReference; fileEncoding = 4; lastKnownFileType = sourcecode.swift; path = MoviesViewController.swift; sourceTree = "<group>"; };
/* End PBXFileReference section */

/* Begin PBXFrameworksBuildPhase section */
		C723F0471E85D80200D7694A /* Frameworks */ = {
			isa = PBXFrameworksBuildPhase;
			buildActionMask = 2147483647;
			files = (
			);
			runOnlyForDeploymentPostprocessing = 0;
		};
/* End PBXFrameworksBuildPhase section */

/* Begin PBXGroup section */
		C723F0411E85D80200D7694A = {
			isa = PBXGroup;
			children = (
				C723F04C1E85D80200D7694A /* AdvancedWorkshop */,
				C723F04B1E85D80200D7694A /* Products */,
			);
			sourceTree = "<group>";
		};
		C723F04B1E85D80200D7694A /* Products */ = {
			isa = PBXGroup;
			children = (
				C723F04A1E85D80200D7694A /* AdvancedWorkshop.app */,
			);
			name = Products;
			sourceTree = "<group>";
		};
		C723F04C1E85D80200D7694A /* AdvancedWorkshop */ = {
			isa = PBXGroup;
			children = (
				C723F04D1E85D80200D7694A /* AppDelegate.swift */,
				C723F04F1E85D80200D7694A /* ViewController.swift */,
				C723F0511E85D80200D7694A /* Main.storyboard */,
				C723F0541E85D80200D7694A /* Assets.xcassets */,
				C723F0561E85D80200D7694A /* LaunchScreen.storyboard */,
				C723F0591E85D80200D7694A /* Info.plist */,
				C723F05F1E85DE5400D7694A /* Movie.swift */,
				C723F0611E85E74000D7694A /* MovieCell.swift */,
				C723F0631E85E76A00D7694A /* MoviesViewController.swift */,
			);
			path = AdvancedWorkshop;
			sourceTree = "<group>";
		};
/* End PBXGroup section */

/* Begin PBXNativeTarget section */
		C723F0491E85D80200D7694A /* AdvancedWorkshop */ = {
			isa = PBXNativeTarget;
			buildConfigurationList = C723F05C1E85D80200D7694A /* Build configuration list for PBXNativeTarget "AdvancedWorkshop" */;
			buildPhases = (
				C723F0461E85D80200D7694A /* Sources */,
				C723F0471E85D80200D7694A /* Frameworks */,
				C723F0481E85D80200D7694A /* Resources */,
			);
			buildRules = (
			);
			dependencies = (
			);
			name = AdvancedWorkshop;
			productName = AdvancedWorkshop;
			productReference = C723F04A1E85D80200D7694A /* AdvancedWorkshop.app */;
			productType = "com.apple.product-type.application";
		};
/* End PBXNativeTarget section */

/* Begin PBXProject section */
		C723F0421E85D80200D7694A /* Project object */ = {
			isa = PBXProject;
			attributes = {
				LastSwiftUpdateCheck = 0830;
				LastUpgradeCheck = 0830;
				ORGANIZATIONNAME = sirajzaneer.com;
				TargetAttributes = {
					C723F0491E85D80200D7694A = {
						CreatedOnToolsVersion = 8.3;
						DevelopmentTeam = 3YC9K4952Y;
						ProvisioningStyle = Automatic;
					};
				};
			};
			buildConfigurationList = C723F0451E85D80200D7694A /* Build configuration list for PBXProject "AdvancedWorkshop" */;
			compatibilityVersion = "Xcode 3.2";
			developmentRegion = English;
			hasScannedForEncodings = 0;
			knownRegions = (
				en,
				Base,
			);
			mainGroup = C723F0411E85D80200D7694A;
			productRefGroup = C723F04B1E85D80200D7694A /* Products */;
			projectDirPath = "";
			projectRoot = "";
			targets = (
				C723F0491E85D80200D7694A /* AdvancedWorkshop */,
			);
		};
/* End PBXProject section */

/* Begin PBXResourcesBuildPhase section */
		C723F0481E85D80200D7694A /* Resources */ = {
			isa = PBXResourcesBuildPhase;
			buildActionMask = 2147483647;
			files = (
				C723F0581E85D80200D7694A /* LaunchScreen.storyboard in Resources */,
				C723F0551E85D80200D7694A /* Assets.xcassets in Resources */,
				C723F0531E85D80200D7694A /* Main.storyboard in Resources */,
			);
			runOnlyForDeploymentPostprocessing = 0;
		};
/* End PBXResourcesBuildPhase section */

/* Begin PBXSourcesBuildPhase section */
		C723F0461E85D80200D7694A /* Sources */ = {
			isa = PBXSourcesBuildPhase;
			buildActionMask = 2147483647;
			files = (
				C723F0501E85D80200D7694A /* ViewController.swift in Sources */,
				C723F0641E85E76A00D7694A /* MoviesViewController.swift in Sources */,
				C723F04E1E85D80200D7694A /* AppDelegate.swift in Sources */,
				C723F0621E85E74000D7694A /* MovieCell.swift in Sources */,
				C723F0601E85DE5400D7694A /* Movie.swift in Sources */,
			);
			runOnlyForDeploymentPostprocessing = 0;
		};
/* End PBXSourcesBuildPhase section */

/* Begin PBXVariantGroup section */
		C723F0511E85D80200D7694A /* Main.storyboard */ = {
			isa = PBXVariantGroup;
			children = (
				C723F0521E85D80200D7694A /* Base */,
			);
			name = Main.storyboard;
			sourceTree = "<group>";
		};
		C723F0561E85D80200D7694A /* LaunchScreen.storyboard */ = {
			isa = PBXVariantGroup;
			children = (
				C723F0571E85D80200D7694A /* Base */,
			);
			name = LaunchScreen.storyboard;
			sourceTree = "<group>";
		};
/* End PBXVariantGroup section */

/* Begin XCBuildConfiguration section */
		C723F05A1E85D80200D7694A /* Debug */ = {
			isa = XCBuildConfiguration;
			buildSettings = {
				ALWAYS_SEARCH_USER_PATHS = NO;
				CLANG_ANALYZER_NONNULL = YES;
				CLANG_ANALYZER_NUMBER_OBJECT_CONVERSION = YES_AGGRESSIVE;
				CLANG_CXX_LANGUAGE_STANDARD = "gnu++0x";
				CLANG_CXX_LIBRARY = "libc++";
				CLANG_ENABLE_MODULES = YES;
				CLANG_ENABLE_OBJC_ARC = YES;
				CLANG_WARN_BOOL_CONVERSION = YES;
				CLANG_WARN_CONSTANT_CONVERSION = YES;
				CLANG_WARN_DIRECT_OBJC_ISA_USAGE = YES_ERROR;
				CLANG_WARN_DOCUMENTATION_COMMENTS = YES;
				CLANG_WARN_EMPTY_BODY = YES;
				CLANG_WARN_ENUM_CONVERSION = YES;
				CLANG_WARN_INFINITE_RECURSION = YES;
				CLANG_WARN_INT_CONVERSION = YES;
				CLANG_WARN_OBJC_ROOT_CLASS = YES_ERROR;
				CLANG_WARN_SUSPICIOUS_MOVE = YES;
				CLANG_WARN_UNREACHABLE_CODE = YES;
				CLANG_WARN__DUPLICATE_METHOD_MATCH = YES;
				"CODE_SIGN_IDENTITY[sdk=iphoneos*]" = "iPhone Developer";
				COPY_PHASE_STRIP = NO;
				DEBUG_INFORMATION_FORMAT = dwarf;
				ENABLE_STRICT_OBJC_MSGSEND = YES;
				ENABLE_TESTABILITY = YES;
				GCC_C_LANGUAGE_STANDARD = gnu99;
				GCC_DYNAMIC_NO_PIC = NO;
				GCC_NO_COMMON_BLOCKS = YES;
				GCC_OPTIMIZATION_LEVEL = 0;
				GCC_PREPROCESSOR_DEFINITIONS = (
					"DEBUG=1",
					"$(inherited)",
				);
				GCC_WARN_64_TO_32_BIT_CONVERSION = YES;
				GCC_WARN_ABOUT_RETURN_TYPE = YES_ERROR;
				GCC_WARN_UNDECLARED_SELECTOR = YES;
				GCC_WARN_UNINITIALIZED_AUTOS = YES_AGGRESSIVE;
				GCC_WARN_UNUSED_FUNCTION = YES;
				GCC_WARN_UNUSED_VARIABLE = YES;
				IPHONEOS_DEPLOYMENT_TARGET = 10.3;
				MTL_ENABLE_DEBUG_INFO = YES;
				ONLY_ACTIVE_ARCH = YES;
				SDKROOT = iphoneos;
				SWIFT_ACTIVE_COMPILATION_CONDITIONS = DEBUG;
				SWIFT_OPTIMIZATION_LEVEL = "-Onone";
			};
			name = Debug;
		};
		C723F05B1E85D80200D7694A /* Release */ = {
			isa = XCBuildConfiguration;
			buildSettings = {
				ALWAYS_SEARCH_USER_PATHS = NO;
				CLANG_ANALYZER_NONNULL = YES;
				CLANG_ANALYZER_NUMBER_OBJECT_CONVERSION = YES_AGGRESSIVE;
				CLANG_CXX_LANGUAGE_STANDARD = "gnu++0x";
				CLANG_CXX_LIBRARY = "libc++";
				CLANG_ENABLE_MODULES = YES;
				CLANG_ENABLE_OBJC_ARC = YES;
				CLANG_WARN_BOOL_CONVERSION = YES;
				CLANG_WARN_CONSTANT_CONVERSION = YES;
				CLANG_WARN_DIRECT_OBJC_ISA_USAGE = YES_ERROR;
				CLANG_WARN_DOCUMENTATION_COMMENTS = YES;
				CLANG_WARN_EMPTY_BODY = YES;
				CLANG_WARN_ENUM_CONVERSION = YES;
				CLANG_WARN_INFINITE_RECURSION = YES;
				CLANG_WARN_INT_CONVERSION = YES;
				CLANG_WARN_OBJC_ROOT_CLASS = YES_ERROR;
				CLANG_WARN_SUSPICIOUS_MOVE = YES;
				CLANG_WARN_UNREACHABLE_CODE = YES;
				CLANG_WARN__DUPLICATE_METHOD_MATCH = YES;
				"CODE_SIGN_IDENTITY[sdk=iphoneos*]" = "iPhone Developer";
				COPY_PHASE_STRIP = NO;
				DEBUG_INFORMATION_FORMAT = "dwarf-with-dsym";
				ENABLE_NS_ASSERTIONS = NO;
				ENABLE_STRICT_OBJC_MSGSEND = YES;
				GCC_C_LANGUAGE_STANDARD = gnu99;
				GCC_NO_COMMON_BLOCKS = YES;
				GCC_WARN_64_TO_32_BIT_CONVERSION = YES;
				GCC_WARN_ABOUT_RETURN_TYPE = YES_ERROR;
				GCC_WARN_UNDECLARED_SELECTOR = YES;
				GCC_WARN_UNINITIALIZED_AUTOS = YES_AGGRESSIVE;
				GCC_WARN_UNUSED_FUNCTION = YES;
				GCC_WARN_UNUSED_VARIABLE = YES;
				IPHONEOS_DEPLOYMENT_TARGET = 10.3;
				MTL_ENABLE_DEBUG_INFO = NO;
				SDKROOT = iphoneos;
				SWIFT_OPTIMIZATION_LEVEL = "-Owholemodule";
				VALIDATE_PRODUCT = YES;
			};
			name = Release;
		};
		C723F05D1E85D80200D7694A /* Debug */ = {
			isa = XCBuildConfiguration;
			buildSettings = {
				ASSETCATALOG_COMPILER_APPICON_NAME = AppIcon;
				DEVELOPMENT_TEAM = 3YC9K4952Y;
				INFOPLIST_FILE = AdvancedWorkshop/Info.plist;
				LD_RUNPATH_SEARCH_PATHS = "$(inherited) @executable_path/Frameworks";
				PRODUCT_BUNDLE_IDENTIFIER = com.sirajzaneer.AdvancedWorkshop;
				PRODUCT_NAME = "$(TARGET_NAME)";
				SWIFT_VERSION = 3.0;
			};
			name = Debug;
		};
		C723F05E1E85D80200D7694A /* Release */ = {
			isa = XCBuildConfiguration;
			buildSettings = {
				ASSETCATALOG_COMPILER_APPICON_NAME = AppIcon;
				DEVELOPMENT_TEAM = 3YC9K4952Y;
				INFOPLIST_FILE = AdvancedWorkshop/Info.plist;
				LD_RUNPATH_SEARCH_PATHS = "$(inherited) @executable_path/Frameworks";
				PRODUCT_BUNDLE_IDENTIFIER = com.sirajzaneer.AdvancedWorkshop;
				PRODUCT_NAME = "$(TARGET_NAME)";
				SWIFT_VERSION = 3.0;
			};
			name = Release;
		};
/* End XCBuildConfiguration section */

/* Begin XCConfigurationList section */
		C723F0451E85D80200D7694A /* Build configuration list for PBXProject "AdvancedWorkshop" */ = {
			isa = XCConfigurationList;
			buildConfigurations = (
				C723F05A1E85D80200D7694A /* Debug */,
				C723F05B1E85D80200D7694A /* Release */,
			);
			defaultConfigurationIsVisible = 0;
			defaultConfigurationName = Release;
		};
		C723F05C1E85D80200D7694A /* Build configuration list for PBXNativeTarget "AdvancedWorkshop" */ = {
			isa = XCConfigurationList;
			buildConfigurations = (
				C723F05D1E85D80200D7694A /* Debug */,
				C723F05E1E85D80200D7694A /* Release */,
			);
			defaultConfigurationIsVisible = 0;
		};
/* End XCConfigurationList section */
	};
	rootObject = C723F0421E85D80200D7694A /* Project object */;
}
